{
  "version": 4,
  "terraform_version": "0.14.9",
  "serial": 32,
  "lineage": "9530a69a-cfe8-cff2-1d62-2ba54840e20c",
  "outputs": {
    "ca-ip": {
      "value": "188.166.153.122",
      "type": "string"
    },
    "openvpn-ip": {
      "value": "46.101.79.178",
      "type": "string"
    }
  },
  "resources": [
    {
      "mode": "data",
      "type": "digitalocean_ssh_key",
      "name": "saspc",
      "provider": "provider[\"registry.terraform.io/digitalocean/digitalocean\"]",
      "instances": [
        {
          "schema_version": 0,
          "attributes": {
            "fingerprint": "b4:64:b8:41:97:36:47:be:31:45:19:be:8a:eb:e9:6b",
            "id": 26034254,
            "name": "Sas PC",
            "public_key": "ssh-rsa AAAAB3NzaC1yc2EAAAADAQABAAABgQDbj9nT1lgZ4LrwYOC43+ZbdJObGxq8PIWlRJp5JpcfYQI81MLRrusNQiURTdRuzNFHk+xnUSHpr1MyVQg2hTAIEVF2JAC7JSD2vC0MsMYqURuZ27ODYVA0ptkVbtMa736cbhVP0ubOyp4XZZmqKgyeOYCcgMmpq79M5YzTRDzdsS+d/cpV31Li78TKAYqVNoB/I8d12sDwNQidOwVNap23BtubrJQCS4RvSTLPk3nIuPWoiuutMRxRoV7l8z4rZMK+z4VlwE6PpmxbA4b1tSlwTnwxp2gehWLczRF3u+hR+oW7BUKqxygUaG3mr6dvYI16nCVxPcT3Cl26LdOiVNbUrlRHAcq6L9mVDp4thlQqGDnIUPsVBrzBZpIuTYC7AY+THUwEEyo3/n69aDI1qSHj7chquSSp1PTISi6iQRh0Eb4vf7qWuon7wGDcmTZS+t5HBv4AQr7bY9/fci4wBqrhp7LktKTig2wxlJUeXs7yYgGNKuiSv105HltP6mKxEIU= sas-pc"
          },
          "sensitive_attributes": []
        }
      ]
    },
    {
      "mode": "managed",
      "type": "cloudflare_record",
      "name": "ca",
      "provider": "provider[\"registry.terraform.io/cloudflare/cloudflare\"]",
      "instances": [
        {
          "schema_version": 1,
          "attributes": {
            "created_on": "2021-06-19T10:34:43.351411Z",
            "data": null,
            "hostname": "ca.ninjhah.co.za",
            "id": "a92b77ea68e701d484ec5dd6122cc8c6",
            "metadata": {
              "auto_added": "false",
              "managed_by_apps": "false",
              "managed_by_argo_tunnel": "false",
              "source": "primary"
            },
            "modified_on": "2021-06-19T10:34:43.351411Z",
            "name": "ca",
            "priority": null,
            "proxiable": true,
            "proxied": false,
            "timeouts": null,
            "ttl": 60,
            "type": "A",
            "value": "188.166.153.122",
            "zone_id": "14e7555bce3144946a8e234f9f172655"
          },
          "sensitive_attributes": [],
          "private": "eyJlMmJmYjczMC1lY2FhLTExZTYtOGY4OC0zNDM2M2JjN2M0YzAiOnsiY3JlYXRlIjozMDAwMDAwMDAwMCwidXBkYXRlIjozMDAwMDAwMDAwMH0sInNjaGVtYV92ZXJzaW9uIjoiMSJ9",
          "dependencies": [
            "data.digitalocean_ssh_key.saspc",
            "digitalocean_droplet.ca"
          ]
        }
      ]
    },
    {
      "mode": "managed",
      "type": "cloudflare_record",
      "name": "openvpn",
      "provider": "provider[\"registry.terraform.io/cloudflare/cloudflare\"]",
      "instances": [
        {
          "schema_version": 1,
          "attributes": {
            "created_on": "2021-06-19T10:34:30.922116Z",
            "data": null,
            "hostname": "openvpn.ninjhah.co.za",
            "id": "b8dd3c51f9e55cfcd94a50907104929d",
            "metadata": {
              "auto_added": "false",
              "managed_by_apps": "false",
              "managed_by_argo_tunnel": "false",
              "source": "primary"
            },
            "modified_on": "2021-06-19T10:34:30.922116Z",
            "name": "openvpn",
            "priority": null,
            "proxiable": true,
            "proxied": false,
            "timeouts": null,
            "ttl": 60,
            "type": "A",
            "value": "46.101.79.178",
            "zone_id": "14e7555bce3144946a8e234f9f172655"
          },
          "sensitive_attributes": [],
          "private": "eyJlMmJmYjczMC1lY2FhLTExZTYtOGY4OC0zNDM2M2JjN2M0YzAiOnsiY3JlYXRlIjozMDAwMDAwMDAwMCwidXBkYXRlIjozMDAwMDAwMDAwMH0sInNjaGVtYV92ZXJzaW9uIjoiMSJ9",
          "dependencies": [
            "data.digitalocean_ssh_key.saspc",
            "digitalocean_droplet.openvpn"
          ]
        }
      ]
    },
    {
      "mode": "managed",
      "type": "digitalocean_droplet",
      "name": "ca",
      "provider": "provider[\"registry.terraform.io/digitalocean/digitalocean\"]",
      "instances": [
        {
          "schema_version": 1,
          "attributes": {
            "backups": false,
            "created_at": "2021-06-19T10:34:02Z",
            "disk": 25,
            "id": "251199085",
            "image": "ubuntu-18-04-x64",
            "ipv4_address": "188.166.153.122",
            "ipv4_address_private": "10.106.0.3",
            "ipv6": false,
            "ipv6_address": "",
            "locked": false,
            "memory": 1024,
            "monitoring": false,
            "name": "ca",
            "price_hourly": 0.00744,
            "price_monthly": 5,
            "private_networking": true,
            "region": "lon1",
            "resize_disk": true,
            "size": "s-1vcpu-1gb",
            "ssh_keys": [
              "26034254"
            ],
            "status": "active",
            "tags": null,
            "urn": "do:droplet:251199085",
            "user_data": null,
            "vcpus": 1,
            "volume_ids": [],
            "vpc_uuid": "b7f1c44a-e1b1-422f-81b1-c490de70105d"
          },
          "sensitive_attributes": [],
          "private": "eyJzY2hlbWFfdmVyc2lvbiI6IjEifQ==",
          "dependencies": [
            "data.digitalocean_ssh_key.saspc"
          ]
        }
      ]
    },
    {
      "mode": "managed",
      "type": "digitalocean_droplet",
      "name": "openvpn",
      "provider": "provider[\"registry.terraform.io/digitalocean/digitalocean\"]",
      "instances": [
        {
          "schema_version": 1,
          "attributes": {
            "backups": false,
            "created_at": "2021-06-19T10:34:01Z",
            "disk": 25,
            "id": "251199084",
            "image": "ubuntu-18-04-x64",
            "ipv4_address": "46.101.79.178",
            "ipv4_address_private": "10.106.0.2",
            "ipv6": false,
            "ipv6_address": "",
            "locked": false,
            "memory": 1024,
            "monitoring": false,
            "name": "openvpn",
            "price_hourly": 0.00744,
            "price_monthly": 5,
            "private_networking": true,
            "region": "lon1",
            "resize_disk": true,
            "size": "s-1vcpu-1gb",
            "ssh_keys": [
              "26034254"
            ],
            "status": "active",
            "tags": null,
            "urn": "do:droplet:251199084",
            "user_data": null,
            "vcpus": 1,
            "volume_ids": [],
            "vpc_uuid": "b7f1c44a-e1b1-422f-81b1-c490de70105d"
          },
          "sensitive_attributes": [],
          "private": "eyJzY2hlbWFfdmVyc2lvbiI6IjEifQ==",
          "dependencies": [
            "data.digitalocean_ssh_key.saspc"
          ]
        }
      ]
    }
  ]
}
